
Microsoft Visual Studio Solution File, Format Version 12.00
# Visual Studio Version 17
VisualStudioVersion = 17.9.34728.123
MinimumVisualStudioVersion = 10.0.40219.1
Project("{FAE04EC0-301F-11D3-BF4B-00C04F79EFBC}") = "CapaPresentacion", "ReparacionesDB\CapaPresentacion.csproj", "{1855ADB1-7502-4F6D-BFD3-9F0C5A6EC126}"
EndProject
Project("{FAE04EC0-301F-11D3-BF4B-00C04F79EFBC}") = "CapaDatos", "CapaDatos\CapaDatos.csproj", "{6C62C922-A45D-49B1-9F81-3F549FBC61B8}"
EndProject
Project("{FAE04EC0-301F-11D3-BF4B-00C04F79EFBC}") = "CapaNegocio", "CapaNegocio\CapaNegocio.csproj", "{61404867-3C44-4042-B8E0-7B62DEFE294D}"
EndProject
Global
	GlobalSection(SolutionConfigurationPlatforms) = preSolution
		Debug|Any CPU = Debug|Any CPU
		Release|Any CPU = Release|Any CPU
	EndGlobalSection
	GlobalSection(ProjectConfigurationPlatforms) = postSolution
		{1855ADB1-7502-4F6D-BFD3-9F0C5A6EC126}.Debug|Any CPU.ActiveCfg = Debug|Any CPU
		{1855ADB1-7502-4F6D-BFD3-9F0C5A6EC126}.Debug|Any CPU.Build.0 = Debug|Any CPU
		{1855ADB1-7502-4F6D-BFD3-9F0C5A6EC126}.Release|Any CPU.ActiveCfg = Release|Any CPU
		{1855ADB1-7502-4F6D-BFD3-9F0C5A6EC126}.Release|Any CPU.Build.0 = Release|Any CPU
		{6C62C922-A45D-49B1-9F81-3F549FBC61B8}.Debug|Any CPU.ActiveCfg = Debug|Any CPU
		{6C62C922-A45D-49B1-9F81-3F549FBC61B8}.Debug|Any CPU.Build.0 = Debug|Any CPU
		{6C62C922-A45D-49B1-9F81-3F549FBC61B8}.Release|Any CPU.ActiveCfg = Release|Any CPU
		{6C62C922-A45D-49B1-9F81-3F549FBC61B8}.Release|Any CPU.Build.0 = Release|Any CPU
		{61404867-3C44-4042-B8E0-7B62DEFE294D}.Debug|Any CPU.ActiveCfg = Debug|Any CPU
		{61404867-3C44-4042-B8E0-7B62DEFE294D}.Debug|Any CPU.Build.0 = Debug|Any CPU
		{61404867-3C44-4042-B8E0-7B62DEFE294D}.Release|Any CPU.ActiveCfg = Release|Any CPU
		{61404867-3C44-4042-B8E0-7B62DEFE294D}.Release|Any CPU.Build.0 = Release|Any CPU
	EndGlobalSection
	GlobalSection(SolutionProperties) = preSolution
		HideSolutionNode = FALSE
	EndGlobalSection
	GlobalSection(ExtensibilityGlobals) = postSolution
		SolutionGuid = {E7D0C939-3A6C-4AE3-A118-EE14490568BD}
	EndGlobalSection
EndGlobal
